
Microsoft Visual Studio Solution File, Format Version 12.00
# Visual Studio Version 16
VisualStudioVersion = 25.0.1704.2
MinimumVisualStudioVersion = 10.0.40219.1
Project("{FAE04EC0-301F-11D3-BF4B-00C04F79EFBC}") = "LBTTCalculator", "LBTTCalculator\LBTTCalculator.csproj", "{A513BE3A-417B-4E1A-B0F3-00D5FB5B29B0}"
EndProject
Project("{FAE04EC0-301F-11D3-BF4B-00C04F79EFBC}") = "LBTTCalculatorTest", "LBTTCalculatorTest\LBTTCalculatorTest.csproj", "{D645618A-A6E4-4505-9E05-BEA471948D40}"
EndProject
Global
	GlobalSection(SolutionConfigurationPlatforms) = preSolution
		Debug|Any CPU = Debug|Any CPU
		Release|Any CPU = Release|Any CPU
	EndGlobalSection
	GlobalSection(ProjectConfigurationPlatforms) = postSolution
		{A513BE3A-417B-4E1A-B0F3-00D5FB5B29B0}.Debug|Any CPU.ActiveCfg = Debug|Any CPU
		{A513BE3A-417B-4E1A-B0F3-00D5FB5B29B0}.Debug|Any CPU.Build.0 = Debug|Any CPU
		{A513BE3A-417B-4E1A-B0F3-00D5FB5B29B0}.Release|Any CPU.ActiveCfg = Release|Any CPU
		{A513BE3A-417B-4E1A-B0F3-00D5FB5B29B0}.Release|Any CPU.Build.0 = Release|Any CPU
		{D645618A-A6E4-4505-9E05-BEA471948D40}.Debug|Any CPU.ActiveCfg = Debug|Any CPU
		{D645618A-A6E4-4505-9E05-BEA471948D40}.Debug|Any CPU.Build.0 = Debug|Any CPU
		{D645618A-A6E4-4505-9E05-BEA471948D40}.Release|Any CPU.ActiveCfg = Release|Any CPU
		{D645618A-A6E4-4505-9E05-BEA471948D40}.Release|Any CPU.Build.0 = Release|Any CPU
	EndGlobalSection
	GlobalSection(SolutionProperties) = preSolution
		HideSolutionNode = FALSE
	EndGlobalSection
	GlobalSection(ExtensibilityGlobals) = postSolution
		SolutionGuid = {840886A6-BB95-431B-9C56-AAC8D12968BB}
	EndGlobalSection
EndGlobal
